// !$*UTF8*$!
{
	archiveVersion = 1;
	classes = {
	};
	objectVersion = 46;
	objects = {

/* Begin PBXBuildFile section */
		A6453B3B1EAEA0EB0095D739 /* AppDelegate.swift in Sources */ = {isa = PBXBuildFile; fileRef = A6453B3A1EAEA0EB0095D739 /* AppDelegate.swift */; };
		A6453B3D1EAEA0EB0095D739 /* ViewController.swift in Sources */ = {isa = PBXBuildFile; fileRef = A6453B3C1EAEA0EB0095D739 /* ViewController.swift */; };
		A6453B401EAEA0EB0095D739 /* Main.storyboard in Resources */ = {isa = PBXBuildFile; fileRef = A6453B3E1EAEA0EB0095D739 /* Main.storyboard */; };
		A6453B421EAEA0EB0095D739 /* Assets.xcassets in Resources */ = {isa = PBXBuildFile; fileRef = A6453B411EAEA0EB0095D739 /* Assets.xcassets */; };
		A6453B451EAEA0EB0095D739 /* LaunchScreen.storyboard in Resources */ = {isa = PBXBuildFile; fileRef = A6453B431EAEA0EB0095D739 /* LaunchScreen.storyboard */; };
/* End PBXBuildFile section */

/* Begin PBXFileReference section */
		A6453B371EAEA0EB0095D739 /* Independent Project.app */ = {isa = PBXFileReference; explicitFileType = wrapper.application; includeInIndex = 0; path = "Independent Project.app"; sourceTree = BUILT_PRODUCTS_DIR; };
		A6453B3A1EAEA0EB0095D739 /* AppDelegate.swift */ = {isa = PBXFileReference; lastKnownFileType = sourcecode.swift; path = AppDelegate.swift; sourceTree = "<group>"; };
		A6453B3C1EAEA0EB0095D739 /* ViewController.swift */ = {isa = PBXFileReference; lastKnownFileType = sourcecode.swift; path = ViewController.swift; sourceTree = "<group>"; };
		A6453B3F1EAEA0EB0095D739 /* Base */ = {isa = PBXFileReference; lastKnownFileType = file.storyboard; name = Base; path = Base.lproj/Main.storyboard; sourceTree = "<group>"; };
		A6453B411EAEA0EB0095D739 /* Assets.xcassets */ = {isa = PBXFileReference; lastKnownFileType = folder.assetcatalog; path = Assets.xcassets; sourceTree = "<group>"; };
		A6453B441EAEA0EB0095D739 /* Base */ = {isa = PBXFileReference; lastKnownFileType = file.storyboard; name = Base; path = Base.lproj/LaunchScreen.storyboard; sourceTree = "<group>"; };
		A6453B461EAEA0EB0095D739 /* Info.plist */ = {isa = PBXFileReference; lastKnownFileType = text.plist.xml; path = Info.plist; sourceTree = "<group>"; };
/* End PBXFileReference section */

/* Begin PBXFrameworksBuildPhase section */
		A6453B341EAEA0EB0095D739 /* Frameworks */ = {
			isa = PBXFrameworksBuildPhase;
			buildActionMask = 2147483647;
			files = (
			);
			runOnlyForDeploymentPostprocessing = 0;
		};
/* End PBXFrameworksBuildPhase section */

/* Begin PBXGroup section */
		A6453B2E1EAEA0EB0095D739 = {
			isa = PBXGroup;
			children = (
				A6453B391EAEA0EB0095D739 /* Independent Project */,
				A6453B381EAEA0EB0095D739 /* Products */,
			);
			sourceTree = "<group>";
		};
		A6453B381EAEA0EB0095D739 /* Products */ = {
			isa = PBXGroup;
			children = (
				A6453B371EAEA0EB0095D739 /* Independent Project.app */,
			);
			name = Products;
			sourceTree = "<group>";
		};
		A6453B391EAEA0EB0095D739 /* Independent Project */ = {
			isa = PBXGroup;
			children = (
				A6453B3A1EAEA0EB0095D739 /* AppDelegate.swift */,
				A6453B3C1EAEA0EB0095D739 /* ViewController.swift */,
				A6453B3E1EAEA0EB0095D739 /* Main.storyboard */,
				A6453B411EAEA0EB0095D739 /* Assets.xcassets */,
				A6453B431EAEA0EB0095D739 /* LaunchScreen.storyboard */,
				A6453B461EAEA0EB0095D739 /* Info.plist */,
			);
			path = "Independent Project";
			sourceTree = "<group>";
		};
/* End PBXGroup section */

/* Begin PBXNativeTarget section */
		A6453B361EAEA0EB0095D739 /* Independent Project */ = {
			isa = PBXNativeTarget;
			buildConfigurationList = A6453B491EAEA0EB0095D739 /* Build configuration list for PBXNativeTarget "Independent Project" */;
			buildPhases = (
				A6453B331EAEA0EB0095D739 /* Sources */,
				A6453B341EAEA0EB0095D739 /* Frameworks */,
				A6453B351EAEA0EB0095D739 /* Resources */,
			);
			buildRules = (
			);
			dependencies = (
			);
			name = "Independent Project";
			productName = "Independent Project";
			productReference = A6453B371EAEA0EB0095D739 /* Independent Project.app */;
			productType = "com.apple.product-type.application";
		};
/* End PBXNativeTarget section */

/* Begin PBXProject section */
		A6453B2F1EAEA0EB0095D739 /* Project object */ = {
			isa = PBXProject;
			attributes = {
				LastSwiftUpdateCheck = 0830;
				LastUpgradeCheck = 0830;
				ORGANIZATIONNAME = "Taylor Hansen";
				TargetAttributes = {
					A6453B361EAEA0EB0095D739 = {
						CreatedOnToolsVersion = 8.3.2;
						DevelopmentTeam = CA2F4YT6JD;
						ProvisioningStyle = Automatic;
					};
				};
			};
			buildConfigurationList = A6453B321EAEA0EB0095D739 /* Build configuration list for PBXProject "Independent Project" */;
			compatibilityVersion = "Xcode 3.2";
			developmentRegion = English;
			hasScannedForEncodings = 0;
			knownRegions = (
				en,
				Base,
			);
			mainGroup = A6453B2E1EAEA0EB0095D739;
			productRefGroup = A6453B381EAEA0EB0095D739 /* Products */;
			projectDirPath = "";
			projectRoot = "";
			targets = (
				A6453B361EAEA0EB0095D739 /* Independent Project */,
			);
		};
/* End PBXProject section */

/* Begin PBXResourcesBuildPhase section */
		A6453B351EAEA0EB0095D739 /* Resources */ = {
			isa = PBXResourcesBuildPhase;
			buildActionMask = 2147483647;
			files = (
				A6453B451EAEA0EB0095D739 /* LaunchScreen.storyboard in Resources */,
				A6453B421EAEA0EB0095D739 /* Assets.xcassets in Resources */,
				A6453B401EAEA0EB0095D739 /* Main.storyboard in Resources */,
			);
			runOnlyForDeploymentPostprocessing = 0;
		};
/* End PBXResourcesBuildPhase section */

/* Begin PBXSourcesBuildPhase section */
		A6453B331EAEA0EB0095D739 /* Sources */ = {
			isa = PBXSourcesBuildPhase;
			buildActionMask = 2147483647;
			files = (
				A6453B3D1EAEA0EB0095D739 /* ViewController.swift in Sources */,
				A6453B3B1EAEA0EB0095D739 /* AppDelegate.swift in Sources */,
			);
			runOnlyForDeploymentPostprocessing = 0;
		};
/* End PBXSourcesBuildPhase section */

/* Begin PBXVariantGroup section */
		A6453B3E1EAEA0EB0095D739 /* Main.storyboard */ = {
			isa = PBXVariantGroup;
			children = (
				A6453B3F1EAEA0EB0095D739 /* Base */,
			);
			name = Main.storyboard;
			sourceTree = "<group>";
		};
		A6453B431EAEA0EB0095D739 /* LaunchScreen.storyboard */ = {
			isa = PBXVariantGroup;
			children = (
				A6453B441EAEA0EB0095D739 /* Base */,
			);
			name = LaunchScreen.storyboard;
			sourceTree = "<group>";
		};
/* End PBXVariantGroup section */

/* Begin XCBuildConfiguration section */
		A6453B471EAEA0EB0095D739 /* Debug */ = {
			isa = XCBuildConfiguration;
			buildSettings = {
				ALWAYS_SEARCH_USER_PATHS = NO;
				CLANG_ANALYZER_NONNULL = YES;
				CLANG_ANALYZER_NUMBER_OBJECT_CONVERSION = YES_AGGRESSIVE;
				CLANG_CXX_LANGUAGE_STANDARD = "gnu++0x";
				CLANG_CXX_LIBRARY = "libc++";
				CLANG_ENABLE_MODULES = YES;
				CLANG_ENABLE_OBJC_ARC = YES;
				CLANG_WARN_BOOL_CONVERSION = YES;
				CLANG_WARN_CONSTANT_CONVERSION = YES;
				CLANG_WARN_DIRECT_OBJC_ISA_USAGE = YES_ERROR;
				CLANG_WARN_DOCUMENTATION_COMMENTS = YES;
				CLANG_WARN_EMPTY_BODY = YES;
				CLANG_WARN_ENUM_CONVERSION = YES;
				CLANG_WARN_INFINITE_RECURSION = YES;
				CLANG_WARN_INT_CONVERSION = YES;
				CLANG_WARN_OBJC_ROOT_CLASS = YES_ERROR;
				CLANG_WARN_SUSPICIOUS_MOVE = YES;
				CLANG_WARN_UNREACHABLE_CODE = YES;
				CLANG_WARN__DUPLICATE_METHOD_MATCH = YES;
				"CODE_SIGN_IDENTITY[sdk=iphoneos*]" = "iPhone Developer";
				COPY_PHASE_STRIP = NO;
				DEBUG_INFORMATION_FORMAT = dwarf;
				ENABLE_STRICT_OBJC_MSGSEND = YES;
				ENABLE_TESTABILITY = YES;
				GCC_C_LANGUAGE_STANDARD = gnu99;
				GCC_DYNAMIC_NO_PIC = NO;
				GCC_NO_COMMON_BLOCKS = YES;
				GCC_OPTIMIZATION_LEVEL = 0;
				GCC_PREPROCESSOR_DEFINITIONS = (
					"DEBUG=1",
					"$(inherited)",
				);
				GCC_WARN_64_TO_32_BIT_CONVERSION = YES;
				GCC_WARN_ABOUT_RETURN_TYPE = YES_ERROR;
				GCC_WARN_UNDECLARED_SELECTOR = YES;
				GCC_WARN_UNINITIALIZED_AUTOS = YES_AGGRESSIVE;
				GCC_WARN_UNUSED_FUNCTION = YES;
				GCC_WARN_UNUSED_VARIABLE = YES;
				IPHONEOS_DEPLOYMENT_TARGET = 10.3;
				MTL_ENABLE_DEBUG_INFO = YES;
				ONLY_ACTIVE_ARCH = YES;
				SDKROOT = iphoneos;
				SWIFT_ACTIVE_COMPILATION_CONDITIONS = DEBUG;
				SWIFT_OPTIMIZATION_LEVEL = "-Onone";
				TARGETED_DEVICE_FAMILY = "1,2";
			};
			name = Debug;
		};
		A6453B481EAEA0EB0095D739 /* Release */ = {
			isa = XCBuildConfiguration;
			buildSettings = {
				ALWAYS_SEARCH_USER_PATHS = NO;
				CLANG_ANALYZER_NONNULL = YES;
				CLANG_ANALYZER_NUMBER_OBJECT_CONVERSION = YES_AGGRESSIVE;
				CLANG_CXX_LANGUAGE_STANDARD = "gnu++0x";
				CLANG_CXX_LIBRARY = "libc++";
				CLANG_ENABLE_MODULES = YES;
				CLANG_ENABLE_OBJC_ARC = YES;
				CLANG_WARN_BOOL_CONVERSION = YES;
				CLANG_WARN_CONSTANT_CONVERSION = YES;
				CLANG_WARN_DIRECT_OBJC_ISA_USAGE = YES_ERROR;
				CLANG_WARN_DOCUMENTATION_COMMENTS = YES;
				CLANG_WARN_EMPTY_BODY = YES;
				CLANG_WARN_ENUM_CONVERSION = YES;
				CLANG_WARN_INFINITE_RECURSION = YES;
				CLANG_WARN_INT_CONVERSION = YES;
				CLANG_WARN_OBJC_ROOT_CLASS = YES_ERROR;
				CLANG_WARN_SUSPICIOUS_MOVE = YES;
				CLANG_WARN_UNREACHABLE_CODE = YES;
				CLANG_WARN__DUPLICATE_METHOD_MATCH = YES;
				"CODE_SIGN_IDENTITY[sdk=iphoneos*]" = "iPhone Developer";
				COPY_PHASE_STRIP = NO;
				DEBUG_INFORMATION_FORMAT = "dwarf-with-dsym";
				ENABLE_NS_ASSERTIONS = NO;
				ENABLE_STRICT_OBJC_MSGSEND = YES;
				GCC_C_LANGUAGE_STANDARD = gnu99;
				GCC_NO_COMMON_BLOCKS = YES;
				GCC_WARN_64_TO_32_BIT_CONVERSION = YES;
				GCC_WARN_ABOUT_RETURN_TYPE = YES_ERROR;
				GCC_WARN_UNDECLARED_SELECTOR = YES;
				GCC_WARN_UNINITIALIZED_AUTOS = YES_AGGRESSIVE;
				GCC_WARN_UNUSED_FUNCTION = YES;
				GCC_WARN_UNUSED_VARIABLE = YES;
				IPHONEOS_DEPLOYMENT_TARGET = 10.3;
				MTL_ENABLE_DEBUG_INFO = NO;
				SDKROOT = iphoneos;
				SWIFT_OPTIMIZATION_LEVEL = "-Owholemodule";
				TARGETED_DEVICE_FAMILY = "1,2";
				VALIDATE_PRODUCT = YES;
			};
			name = Release;
		};
		A6453B4A1EAEA0EB0095D739 /* Debug */ = {
			isa = XCBuildConfiguration;
			buildSettings = {
				ASSETCATALOG_COMPILER_APPICON_NAME = AppIcon;
				DEVELOPMENT_TEAM = CA2F4YT6JD;
				INFOPLIST_FILE = "Independent Project/Info.plist";
				LD_RUNPATH_SEARCH_PATHS = "$(inherited) @executable_path/Frameworks";
				PRODUCT_BUNDLE_IDENTIFIER = "tayhans.Independent-Project";
				PRODUCT_NAME = "$(TARGET_NAME)";
				SWIFT_VERSION = 3.0;
			};
			name = Debug;
		};
		A6453B4B1EAEA0EB0095D739 /* Release */ = {
			isa = XCBuildConfiguration;
			buildSettings = {
				ASSETCATALOG_COMPILER_APPICON_NAME = AppIcon;
				DEVELOPMENT_TEAM = CA2F4YT6JD;
				INFOPLIST_FILE = "Independent Project/Info.plist";
				LD_RUNPATH_SEARCH_PATHS = "$(inherited) @executable_path/Frameworks";
				PRODUCT_BUNDLE_IDENTIFIER = "tayhans.Independent-Project";
				PRODUCT_NAME = "$(TARGET_NAME)";
				SWIFT_VERSION = 3.0;
			};
			name = Release;
		};
/* End XCBuildConfiguration section */

/* Begin XCConfigurationList section */
		A6453B321EAEA0EB0095D739 /* Build configuration list for PBXProject "Independent Project" */ = {
			isa = XCConfigurationList;
			buildConfigurations = (
				A6453B471EAEA0EB0095D739 /* Debug */,
				A6453B481EAEA0EB0095D739 /* Release */,
			);
			defaultConfigurationIsVisible = 0;
			defaultConfigurationName = Release;
		};
		A6453B491EAEA0EB0095D739 /* Build configuration list for PBXNativeTarget "Independent Project" */ = {
			isa = XCConfigurationList;
			buildConfigurations = (
				A6453B4A1EAEA0EB0095D739 /* Debug */,
				A6453B4B1EAEA0EB0095D739 /* Release */,
			);
			defaultConfigurationIsVisible = 0;
		};
/* End XCConfigurationList section */
	};
	rootObject = A6453B2F1EAEA0EB0095D739 /* Project object */;
}
